{
	"name": "xz-pipe",
	"version": "0.0.2",
	"lockfileVersion": 2,
	"requires": true,
	"packages": {
		"": {
			"name": "xz-pipe",
			"version": "0.0.2",
			"dependencies": {
				"comandante": "= 0.0.1"
			},
			"engines": {
				"node": ">= 0.8.15"
			}
		},
		"node_modules/comandante": {
			"version": "0.0.1",
			"resolved": "https://registry.npmjs.org/comandante/-/comandante-0.0.1.tgz",
			"integrity": "sha1-gFHaYILocgiq3VK9gXJ1t8gDUAk=",
			"dependencies": {
				"duplexer": "~0.0.2"
			}
		},
		"node_modules/duplexer": {
			"version": "0.0.4",
			"resolved": "https://registry.npmjs.org/duplexer/-/duplexer-0.0.4.tgz",
			"integrity": "sha1-r8t/H4uNdPggcmFx1dZKyeSo/yA="
		}
	},
	"dependencies": {
		"comandante": {
			"version": "0.0.1",
			"resolved": "https://registry.npmjs.org/comandante/-/comandante-0.0.1.tgz",
			"integrity": "sha1-gFHaYILocgiq3VK9gXJ1t8gDUAk=",
			"requires": {
				"duplexer": "~0.0.2"
			}
		},
		"duplexer": {
			"version": "0.0.4",
			"resolved": "https://registry.npmjs.org/duplexer/-/duplexer-0.0.4.tgz",
			"integrity": "sha1-r8t/H4uNdPggcmFx1dZKyeSo/yA="
		}
	}
}
